{
  "name": "test",
  "version": "1.0.0",
  "lockfileVersion": 3,
  "requires": true,
  "packages": {
    "": {
      "name": "test",
      "version": "1.0.0",
      "license": "ISC",
      "dependencies": {
        "@rprojects/num-format-js": "^0.1.0"
      }
    },
    "node_modules/@rprojects/num-format-js": {
      "version": "0.1.0",
      "resolved": "https://registry.npmjs.org/@rprojects/num-format-js/-/num-format-js-0.1.0.tgz",
      "integrity": "sha512-Y6A7Itcv1AjyAefZXG1v2X4zUAdZN+CjZP8q9az5R2F9O6+DJgTZSLMNKbRNsm2Ew68J0Qp7z1ZiNkeJ60CjQw==",
      "license": "MIT"
    }
  }
}
